lockfileVersion: 3
skills:
  ocaml-opam-tinyflags-add-flag:
    type: workspace
    owner: "@examples"
    extensionType: skill
    name: ocaml-opam-tinyflags-add-flag
    version: 0.1.0
    installedAt: 2026-08-07T15:45:48.119Z
    updatedAt: 2026-08-07T15:47:11.120Z
    sourceHash: 534f12d59e9c9336071c2b014ab4fad3152f1c17d721881b3e8b6861159c385c
  ocaml-opam-tinyflags-cleanup-flag:
    type: workspace
    owner: "@examples"
    extensionType: skill
    name: ocaml-opam-tinyflags-cleanup-flag
    version: 0.1.0
    installedAt: 2026-08-07T15:45:48.119Z
    updatedAt: 2026-08-07T15:47:11.143Z
    sourceHash: c47647317d34373208d823f0ccf2009f7801f1b75256d9371ffacbd4363a6a8f
  ocaml-opam-tinyflags-rollout-review:
    type: workspace
    owner: "@examples"
    extensionType: skill
    name: ocaml-opam-tinyflags-rollout-review
    version: 0.1.0
    installedAt: 2026-08-07T15:45:48.119Z
    updatedAt: 2026-08-07T15:47:11.163Z
    sourceHash: f6ee6e4d622b3540e6ca48d7f06df7bd3c5598553885736b8278c69fbc027231
subagents:
  ocaml-opam-tinyflags-maintainer:
    type: workspace
    owner: "@examples"
    extensionType: subagent
    name: ocaml-opam-tinyflags-maintainer
    version: 0.1.0
    installedAt: 2026-08-07T15:45:48.119Z
    updatedAt: 2026-08-07T15:47:11.186Z
    sourceHash: 149151c12362226bec59628f6d01da72175383de7cc3ccd76a681af0eab06427
mcpServers: {}
rules: {}
hooks: {}
knowledge: {}
packs:
  ocaml-opam-tinyflags:
    type: workspace
    owner: "@examples"
    extensionType: pack
    name: ocaml-opam-tinyflags
    version: 0.1.0
    sourceHash: 8784d9b2cc2717b3433d992fb1e4a83a03c395f4297df4d045fe328873b6b8ad
    installedAt: 2026-08-07T15:45:48.218Z
    updatedAt: 2026-08-07T15:45:48.219Z
    resolvedSkills:
      "@examples/skills/ocaml-opam-tinyflags-add-flag":
        source: workspace
        version: 0.1.0
        sourceIdentity: workspace:@examples/skills/ocaml-opam-tinyflags-add-flag
        contentIdentity: 2a944a51634fc3a01a4be820653fa74f55db2dd586820fb243994f5fe72aae55
      "@examples/skills/ocaml-opam-tinyflags-rollout-review":
        source: workspace
        version: 0.1.0
        sourceIdentity: workspace:@examples/skills/ocaml-opam-tinyflags-rollout-review
        contentIdentity: 724f97d0bb1b7b5a52565a1045161f87559336fc88358eab73d7542774f6f2f5
      "@examples/skills/ocaml-opam-tinyflags-cleanup-flag":
        source: workspace
        version: 0.1.0
        sourceIdentity: workspace:@examples/skills/ocaml-opam-tinyflags-cleanup-flag
        contentIdentity: 8568ef2a4fb8c7281114dbc818aaf94478fb0edfe5b3708868f70d3792536549
    resolvedMcpServers: {}
    resolvedSubagents:
      "@examples/subagents/ocaml-opam-tinyflags-maintainer":
        source: workspace
        version: 0.1.0
        sourceIdentity: workspace:@examples/subagents/ocaml-opam-tinyflags-maintainer
        contentIdentity: b5473a4c2c3528143fe3b9becd6a09385e57f62d0901f258358294e81c6d194e
    resolvedRules: {}
    resolvedHooks: {}
    resolvedKnowledge: {}
